
Microsoft Visual Studio Solution File, Format Version 12.00
# Visual Studio Version 16
VisualStudioVersion = 25.0.1704.0
MinimumVisualStudioVersion = 10.0.40219.1
Project("{FAE04EC0-301F-11D3-BF4B-00C04F79EFBC}") = "Final_Project", "Final_Project\Final_Project.csproj", "{22A98D81-8044-40BF-9EDE-E308A65380C2}"
EndProject
Global
	GlobalSection(SolutionConfigurationPlatforms) = preSolution
		Debug|Any CPU = Debug|Any CPU
		Release|Any CPU = Release|Any CPU
	EndGlobalSection
	GlobalSection(ProjectConfigurationPlatforms) = postSolution
		{22A98D81-8044-40BF-9EDE-E308A65380C2}.Debug|Any CPU.ActiveCfg = Debug|Any CPU
		{22A98D81-8044-40BF-9EDE-E308A65380C2}.Debug|Any CPU.Build.0 = Debug|Any CPU
		{22A98D81-8044-40BF-9EDE-E308A65380C2}.Release|Any CPU.ActiveCfg = Release|Any CPU
		{22A98D81-8044-40BF-9EDE-E308A65380C2}.Release|Any CPU.Build.0 = Release|Any CPU
	EndGlobalSection
	GlobalSection(SolutionProperties) = preSolution
		HideSolutionNode = FALSE
	EndGlobalSection
	GlobalSection(ExtensibilityGlobals) = postSolution
		SolutionGuid = {4431A6C1-529C-44FB-B001-6D233FC217EE}
	EndGlobalSection
EndGlobal
